
Microsoft Visual Studio Solution File, Format Version 12.00
# Visual Studio 15
VisualStudioVersion = 15.0.28307.902
MinimumVisualStudioVersion = 10.0.40219.1
Project("{FAE04EC0-301F-11D3-BF4B-00C04F79EFBC}") = "AzureBlobSample", "AzureBlobSample\AzureBlobSample.csproj", "{5B37DF2C-AE6C-45F7-9867-23F3FC81C8B8}"
EndProject
Global
	GlobalSection(SolutionConfigurationPlatforms) = preSolution
		Debug|Any CPU = Debug|Any CPU
		Release|Any CPU = Release|Any CPU
	EndGlobalSection
	GlobalSection(ProjectConfigurationPlatforms) = postSolution
		{5B37DF2C-AE6C-45F7-9867-23F3FC81C8B8}.Debug|Any CPU.ActiveCfg = Debug|Any CPU
		{5B37DF2C-AE6C-45F7-9867-23F3FC81C8B8}.Debug|Any CPU.Build.0 = Debug|Any CPU
		{5B37DF2C-AE6C-45F7-9867-23F3FC81C8B8}.Release|Any CPU.ActiveCfg = Release|Any CPU
		{5B37DF2C-AE6C-45F7-9867-23F3FC81C8B8}.Release|Any CPU.Build.0 = Release|Any CPU
	EndGlobalSection
	GlobalSection(SolutionProperties) = preSolution
		HideSolutionNode = FALSE
	EndGlobalSection
	GlobalSection(ExtensibilityGlobals) = postSolution
		SolutionGuid = {B86253A0-DCFB-492F-9669-3BE378824D2D}
	EndGlobalSection
EndGlobal
